// !$*UTF8*$!
{
	archiveVersion = 1;
	classes = {
	};
	objectVersion = 50;
	objects = {

/* Begin PBXBuildFile section */
		524EF12A23ADC352007618B0 /* AirPlayBoard.swift in Sources */ = {isa = PBXBuildFile; fileRef = 524EF12923ADC352007618B0 /* AirPlayBoard.swift */; };
		524EF12C23ADC35E007618B0 /* AirPlayBoard.xib in Resources */ = {isa = PBXBuildFile; fileRef = 524EF12B23ADC35E007618B0 /* AirPlayBoard.xib */; };
		524EF13423ADC7AE007618B0 /* MYCAirplayDevice.m in Sources */ = {isa = PBXBuildFile; fileRef = 524EF12F23ADC7AD007618B0 /* MYCAirplayDevice.m */; };
		524EF13523ADC7AE007618B0 /* GCDAsyncSocket.m in Sources */ = {isa = PBXBuildFile; fileRef = 524EF13023ADC7AD007618B0 /* GCDAsyncSocket.m */; };
		524EF13623ADC7AE007618B0 /* MYCAirplayManager.m in Sources */ = {isa = PBXBuildFile; fileRef = 524EF13123ADC7AE007618B0 /* MYCAirplayManager.m */; };
		524EF13823ADCF33007618B0 /* Nibloadable.swift in Sources */ = {isa = PBXBuildFile; fileRef = 524EF13723ADCF33007618B0 /* Nibloadable.swift */; };
		7493FA8523AC69B400DD5A0B /* MTVideoRoomController.swift in Sources */ = {isa = PBXBuildFile; fileRef = 7493FA8323AC69B400DD5A0B /* MTVideoRoomController.swift */; };
		7493FA8623AC69B400DD5A0B /* MTPlayerView.swift in Sources */ = {isa = PBXBuildFile; fileRef = 7493FA8423AC69B400DD5A0B /* MTPlayerView.swift */; };
		7493FA8823AC69F800DD5A0B /* MTGeneral.swift in Sources */ = {isa = PBXBuildFile; fileRef = 7493FA8723AC69F800DD5A0B /* MTGeneral.swift */; };
		7493FA8A23AC6A4600DD5A0B /* SubstringExtension.swift in Sources */ = {isa = PBXBuildFile; fileRef = 7493FA8923AC6A4600DD5A0B /* SubstringExtension.swift */; };
		7493FA9223AC6B6800DD5A0B /* AlivcConan.framework in Frameworks */ = {isa = PBXBuildFile; fileRef = 7493FA8D23AC6B4700DD5A0B /* AlivcConan.framework */; };
		7493FA9323AC6B6800DD5A0B /* AlivcConan.framework in Embed Frameworks */ = {isa = PBXBuildFile; fileRef = 7493FA8D23AC6B4700DD5A0B /* AlivcConan.framework */; settings = {ATTRIBUTES = (CodeSignOnCopy, RemoveHeadersOnCopy, ); }; };
		7493FA9423AC6B6800DD5A0B /* alivcffmpeg.framework in Frameworks */ = {isa = PBXBuildFile; fileRef = 7493FA8C23AC6B4700DD5A0B /* alivcffmpeg.framework */; };
		7493FA9523AC6B6800DD5A0B /* alivcffmpeg.framework in Embed Frameworks */ = {isa = PBXBuildFile; fileRef = 7493FA8C23AC6B4700DD5A0B /* alivcffmpeg.framework */; settings = {ATTRIBUTES = (CodeSignOnCopy, RemoveHeadersOnCopy, ); }; };
		7493FA9623AC6B6800DD5A0B /* AliyunPlayer.framework in Frameworks */ = {isa = PBXBuildFile; fileRef = 7493FA8E23AC6B4800DD5A0B /* AliyunPlayer.framework */; };
		7493FA9723AC6B6800DD5A0B /* AliyunPlayer.framework in Embed Frameworks */ = {isa = PBXBuildFile; fileRef = 7493FA8E23AC6B4800DD5A0B /* AliyunPlayer.framework */; settings = {ATTRIBUTES = (CodeSignOnCopy, RemoveHeadersOnCopy, ); }; };
		7493FA9A23AC6D7300DD5A0B /* UIBaseViewController.swift in Sources */ = {isa = PBXBuildFile; fileRef = 7493FA9923AC6D7300DD5A0B /* UIBaseViewController.swift */; };
		7493FAA023AC8CB000DD5A0B /* UIBaseNavigationController.swift in Sources */ = {isa = PBXBuildFile; fileRef = 7493FA9F23AC8CB000DD5A0B /* UIBaseNavigationController.swift */; };
		74D51294230259CE000B1061 /* AppDelegate.swift in Sources */ = {isa = PBXBuildFile; fileRef = 74D51293230259CE000B1061 /* AppDelegate.swift */; };
		74D51296230259CE000B1061 /* ViewController.swift in Sources */ = {isa = PBXBuildFile; fileRef = 74D51295230259CE000B1061 /* ViewController.swift */; };
		74D51299230259CE000B1061 /* Main.storyboard in Resources */ = {isa = PBXBuildFile; fileRef = 74D51297230259CE000B1061 /* Main.storyboard */; };
		74D5129B230259D0000B1061 /* Assets.xcassets in Resources */ = {isa = PBXBuildFile; fileRef = 74D5129A230259D0000B1061 /* Assets.xcassets */; };
		74D5129E230259D0000B1061 /* LaunchScreen.storyboard in Resources */ = {isa = PBXBuildFile; fileRef = 74D5129C230259D0000B1061 /* LaunchScreen.storyboard */; };
		8CAB2C79720B1221328447BD /* Pods_CVPlayer.framework in Frameworks */ = {isa = PBXBuildFile; fileRef = 1AD2B6986C54707CA0C5D549 /* Pods_CVPlayer.framework */; };
/* End PBXBuildFile section */

/* Begin PBXCopyFilesBuildPhase section */
		7493FA9823AC6B6800DD5A0B /* Embed Frameworks */ = {
			isa = PBXCopyFilesBuildPhase;
			buildActionMask = 2147483647;
			dstPath = "";
			dstSubfolderSpec = 10;
			files = (
				7493FA9323AC6B6800DD5A0B /* AlivcConan.framework in Embed Frameworks */,
				7493FA9523AC6B6800DD5A0B /* alivcffmpeg.framework in Embed Frameworks */,
				7493FA9723AC6B6800DD5A0B /* AliyunPlayer.framework in Embed Frameworks */,
			);
			name = "Embed Frameworks";
			runOnlyForDeploymentPostprocessing = 0;
		};
/* End PBXCopyFilesBuildPhase section */

/* Begin PBXFileReference section */
		1AD2B6986C54707CA0C5D549 /* Pods_CVPlayer.framework */ = {isa = PBXFileReference; explicitFileType = wrapper.framework; includeInIndex = 0; path = Pods_CVPlayer.framework; sourceTree = BUILT_PRODUCTS_DIR; };
		36903757E0E0F3378F525E2B /* Pods-CVPlayer.release.xcconfig */ = {isa = PBXFileReference; includeInIndex = 1; lastKnownFileType = text.xcconfig; name = "Pods-CVPlayer.release.xcconfig"; path = "Target Support Files/Pods-CVPlayer/Pods-CVPlayer.release.xcconfig"; sourceTree = "<group>"; };
		524EF12923ADC352007618B0 /* AirPlayBoard.swift */ = {isa = PBXFileReference; lastKnownFileType = sourcecode.swift; path = AirPlayBoard.swift; sourceTree = "<group>"; };
		524EF12B23ADC35E007618B0 /* AirPlayBoard.xib */ = {isa = PBXFileReference; lastKnownFileType = file.xib; path = AirPlayBoard.xib; sourceTree = "<group>"; };
		524EF12E23ADC7AD007618B0 /* MYCAirplayManager.h */ = {isa = PBXFileReference; fileEncoding = 4; lastKnownFileType = sourcecode.c.h; path = MYCAirplayManager.h; sourceTree = "<group>"; };
		524EF12F23ADC7AD007618B0 /* MYCAirplayDevice.m */ = {isa = PBXFileReference; fileEncoding = 4; lastKnownFileType = sourcecode.c.objc; path = MYCAirplayDevice.m; sourceTree = "<group>"; };
		524EF13023ADC7AD007618B0 /* GCDAsyncSocket.m */ = {isa = PBXFileReference; fileEncoding = 4; lastKnownFileType = sourcecode.c.objc; path = GCDAsyncSocket.m; sourceTree = "<group>"; };
		524EF13123ADC7AE007618B0 /* MYCAirplayManager.m */ = {isa = PBXFileReference; fileEncoding = 4; lastKnownFileType = sourcecode.c.objc; path = MYCAirplayManager.m; sourceTree = "<group>"; };
		524EF13223ADC7AE007618B0 /* GCDAsyncSocket.h */ = {isa = PBXFileReference; fileEncoding = 4; lastKnownFileType = sourcecode.c.h; path = GCDAsyncSocket.h; sourceTree = "<group>"; };
		524EF13323ADC7AE007618B0 /* MYCAirplayDevice.h */ = {isa = PBXFileReference; fileEncoding = 4; lastKnownFileType = sourcecode.c.h; path = MYCAirplayDevice.h; sourceTree = "<group>"; };
		524EF13723ADCF33007618B0 /* Nibloadable.swift */ = {isa = PBXFileReference; fileEncoding = 4; lastKnownFileType = sourcecode.swift; path = Nibloadable.swift; sourceTree = "<group>"; };
		7493FA8323AC69B400DD5A0B /* MTVideoRoomController.swift */ = {isa = PBXFileReference; fileEncoding = 4; lastKnownFileType = sourcecode.swift; path = MTVideoRoomController.swift; sourceTree = "<group>"; };
		7493FA8423AC69B400DD5A0B /* MTPlayerView.swift */ = {isa = PBXFileReference; fileEncoding = 4; lastKnownFileType = sourcecode.swift; path = MTPlayerView.swift; sourceTree = "<group>"; };
		7493FA8723AC69F800DD5A0B /* MTGeneral.swift */ = {isa = PBXFileReference; fileEncoding = 4; lastKnownFileType = sourcecode.swift; path = MTGeneral.swift; sourceTree = "<group>"; };
		7493FA8923AC6A4600DD5A0B /* SubstringExtension.swift */ = {isa = PBXFileReference; fileEncoding = 4; lastKnownFileType = sourcecode.swift; path = SubstringExtension.swift; sourceTree = "<group>"; };
		7493FA8C23AC6B4700DD5A0B /* alivcffmpeg.framework */ = {isa = PBXFileReference; lastKnownFileType = wrapper.framework; path = alivcffmpeg.framework; sourceTree = "<group>"; };
		7493FA8D23AC6B4700DD5A0B /* AlivcConan.framework */ = {isa = PBXFileReference; lastKnownFileType = wrapper.framework; path = AlivcConan.framework; sourceTree = "<group>"; };
		7493FA8E23AC6B4800DD5A0B /* AliyunPlayer.framework */ = {isa = PBXFileReference; lastKnownFileType = wrapper.framework; path = AliyunPlayer.framework; sourceTree = "<group>"; };
		7493FA9923AC6D7300DD5A0B /* UIBaseViewController.swift */ = {isa = PBXFileReference; lastKnownFileType = sourcecode.swift; path = UIBaseViewController.swift; sourceTree = "<group>"; };
		7493FA9B23AC7C3D00DD5A0B /* CVPlayer-Bridging-Header.h */ = {isa = PBXFileReference; lastKnownFileType = sourcecode.c.h; path = "CVPlayer-Bridging-Header.h"; sourceTree = "<group>"; };
		7493FA9F23AC8CB000DD5A0B /* UIBaseNavigationController.swift */ = {isa = PBXFileReference; lastKnownFileType = sourcecode.swift; path = UIBaseNavigationController.swift; sourceTree = "<group>"; };
		74D51290230259CE000B1061 /* CVPlayer.app */ = {isa = PBXFileReference; explicitFileType = wrapper.application; includeInIndex = 0; path = CVPlayer.app; sourceTree = BUILT_PRODUCTS_DIR; };
		74D51293230259CE000B1061 /* AppDelegate.swift */ = {isa = PBXFileReference; lastKnownFileType = sourcecode.swift; path = AppDelegate.swift; sourceTree = "<group>"; };
		74D51295230259CE000B1061 /* ViewController.swift */ = {isa = PBXFileReference; lastKnownFileType = sourcecode.swift; path = ViewController.swift; sourceTree = "<group>"; };
		74D51298230259CE000B1061 /* Base */ = {isa = PBXFileReference; lastKnownFileType = file.storyboard; name = Base; path = Base.lproj/Main.storyboard; sourceTree = "<group>"; };
		74D5129A230259D0000B1061 /* Assets.xcassets */ = {isa = PBXFileReference; lastKnownFileType = folder.assetcatalog; path = Assets.xcassets; sourceTree = "<group>"; };
		74D5129D230259D0000B1061 /* Base */ = {isa = PBXFileReference; lastKnownFileType = file.storyboard; name = Base; path = Base.lproj/LaunchScreen.storyboard; sourceTree = "<group>"; };
		74D5129F230259D0000B1061 /* Info.plist */ = {isa = PBXFileReference; lastKnownFileType = text.plist.xml; path = Info.plist; sourceTree = "<group>"; };
		B25C7673B4870FC5E2716BA5 /* Pods-CVPlayer.debug.xcconfig */ = {isa = PBXFileReference; includeInIndex = 1; lastKnownFileType = text.xcconfig; name = "Pods-CVPlayer.debug.xcconfig"; path = "Target Support Files/Pods-CVPlayer/Pods-CVPlayer.debug.xcconfig"; sourceTree = "<group>"; };
/* End PBXFileReference section */

/* Begin PBXFrameworksBuildPhase section */
		74D5128D230259CE000B1061 /* Frameworks */ = {
			isa = PBXFrameworksBuildPhase;
			buildActionMask = 2147483647;
			files = (
				7493FA9423AC6B6800DD5A0B /* alivcffmpeg.framework in Frameworks */,
				7493FA9623AC6B6800DD5A0B /* AliyunPlayer.framework in Frameworks */,
				7493FA9223AC6B6800DD5A0B /* AlivcConan.framework in Frameworks */,
				8CAB2C79720B1221328447BD /* Pods_CVPlayer.framework in Frameworks */,
			);
			runOnlyForDeploymentPostprocessing = 0;
		};
/* End PBXFrameworksBuildPhase section */

/* Begin PBXGroup section */
		524EF12D23ADC79F007618B0 /* AirPlay */ = {
			isa = PBXGroup;
			children = (
				524EF12E23ADC7AD007618B0 /* MYCAirplayManager.h */,
				524EF13123ADC7AE007618B0 /* MYCAirplayManager.m */,
				524EF13323ADC7AE007618B0 /* MYCAirplayDevice.h */,
				524EF12F23ADC7AD007618B0 /* MYCAirplayDevice.m */,
				524EF13223ADC7AE007618B0 /* GCDAsyncSocket.h */,
				524EF13023ADC7AD007618B0 /* GCDAsyncSocket.m */,
			);
			path = AirPlay;
			sourceTree = "<group>";
		};
		7144B9DE94985A12422866C9 /* Pods */ = {
			isa = PBXGroup;
			children = (
				B25C7673B4870FC5E2716BA5 /* Pods-CVPlayer.debug.xcconfig */,
				36903757E0E0F3378F525E2B /* Pods-CVPlayer.release.xcconfig */,
			);
			path = Pods;
			sourceTree = "<group>";
		};
		7493FA8B23AC6AEE00DD5A0B /* Lib */ = {
			isa = PBXGroup;
			children = (
				524EF13723ADCF33007618B0 /* Nibloadable.swift */,
				7493FA8923AC6A4600DD5A0B /* SubstringExtension.swift */,
				7493FA8723AC69F800DD5A0B /* MTGeneral.swift */,
				7493FA8D23AC6B4700DD5A0B /* AlivcConan.framework */,
				7493FA8C23AC6B4700DD5A0B /* alivcffmpeg.framework */,
				7493FA8E23AC6B4800DD5A0B /* AliyunPlayer.framework */,
			);
			path = Lib;
			sourceTree = "<group>";
		};
		74D51287230259CE000B1061 = {
			isa = PBXGroup;
			children = (
				74D51292230259CE000B1061 /* CVPlayer */,
				74D51291230259CE000B1061 /* Products */,
				7144B9DE94985A12422866C9 /* Pods */,
				ADB987B88AB401AFC97FABB7 /* Frameworks */,
			);
			sourceTree = "<group>";
		};
		74D51291230259CE000B1061 /* Products */ = {
			isa = PBXGroup;
			children = (
				74D51290230259CE000B1061 /* CVPlayer.app */,
			);
			name = Products;
			sourceTree = "<group>";
		};
		74D51292230259CE000B1061 /* CVPlayer */ = {
			isa = PBXGroup;
			children = (
				524EF12D23ADC79F007618B0 /* AirPlay */,
				7493FA8B23AC6AEE00DD5A0B /* Lib */,
				74D51293230259CE000B1061 /* AppDelegate.swift */,
				74D51295230259CE000B1061 /* ViewController.swift */,
				7493FA9F23AC8CB000DD5A0B /* UIBaseNavigationController.swift */,
				7493FA9923AC6D7300DD5A0B /* UIBaseViewController.swift */,
				7493FA8323AC69B400DD5A0B /* MTVideoRoomController.swift */,
				524EF12923ADC352007618B0 /* AirPlayBoard.swift */,
				524EF12B23ADC35E007618B0 /* AirPlayBoard.xib */,
				7493FA8423AC69B400DD5A0B /* MTPlayerView.swift */,
				74D51297230259CE000B1061 /* Main.storyboard */,
				74D5129A230259D0000B1061 /* Assets.xcassets */,
				74D5129C230259D0000B1061 /* LaunchScreen.storyboard */,
				74D5129F230259D0000B1061 /* Info.plist */,
				7493FA9B23AC7C3D00DD5A0B /* CVPlayer-Bridging-Header.h */,
			);
			path = CVPlayer;
			sourceTree = "<group>";
		};
		ADB987B88AB401AFC97FABB7 /* Frameworks */ = {
			isa = PBXGroup;
			children = (
				1AD2B6986C54707CA0C5D549 /* Pods_CVPlayer.framework */,
			);
			name = Frameworks;
			sourceTree = "<group>";
		};
/* End PBXGroup section */

/* Begin PBXNativeTarget section */
		74D5128F230259CE000B1061 /* CVPlayer */ = {
			isa = PBXNativeTarget;
			buildConfigurationList = 74D512A2230259D0000B1061 /* Build configuration list for PBXNativeTarget "CVPlayer" */;
			buildPhases = (
				847462A32E79267282C71757 /* [CP] Check Pods Manifest.lock */,
				74D5128C230259CE000B1061 /* Sources */,
				74D5128D230259CE000B1061 /* Frameworks */,
				74D5128E230259CE000B1061 /* Resources */,
				80C0EA25D1A42D3624F2AFCC /* [CP] Embed Pods Frameworks */,
				7493FA9823AC6B6800DD5A0B /* Embed Frameworks */,
			);
			buildRules = (
			);
			dependencies = (
			);
			name = CVPlayer;
			productName = CVPlayer;
			productReference = 74D51290230259CE000B1061 /* CVPlayer.app */;
			productType = "com.apple.product-type.application";
		};
/* End PBXNativeTarget section */

/* Begin PBXProject section */
		74D51288230259CE000B1061 /* Project object */ = {
			isa = PBXProject;
			attributes = {
				LastSwiftUpdateCheck = 1020;
				LastUpgradeCheck = 1020;
				ORGANIZATIONNAME = IMUST;
				TargetAttributes = {
					74D5128F230259CE000B1061 = {
						CreatedOnToolsVersion = 10.2.1;
						LastSwiftMigration = 1120;
					};
				};
			};
			buildConfigurationList = 74D5128B230259CE000B1061 /* Build configuration list for PBXProject "CVPlayer" */;
			compatibilityVersion = "Xcode 9.3";
			developmentRegion = en;
			hasScannedForEncodings = 0;
			knownRegions = (
				en,
				Base,
			);
			mainGroup = 74D51287230259CE000B1061;
			productRefGroup = 74D51291230259CE000B1061 /* Products */;
			projectDirPath = "";
			projectRoot = "";
			targets = (
				74D5128F230259CE000B1061 /* CVPlayer */,
			);
		};
/* End PBXProject section */

/* Begin PBXResourcesBuildPhase section */
		74D5128E230259CE000B1061 /* Resources */ = {
			isa = PBXResourcesBuildPhase;
			buildActionMask = 2147483647;
			files = (
				74D5129E230259D0000B1061 /* LaunchScreen.storyboard in Resources */,
				74D5129B230259D0000B1061 /* Assets.xcassets in Resources */,
				74D51299230259CE000B1061 /* Main.storyboard in Resources */,
				524EF12C23ADC35E007618B0 /* AirPlayBoard.xib in Resources */,
			);
			runOnlyForDeploymentPostprocessing = 0;
		};
/* End PBXResourcesBuildPhase section */

/* Begin PBXShellScriptBuildPhase section */
		80C0EA25D1A42D3624F2AFCC /* [CP] Embed Pods Frameworks */ = {
			isa = PBXShellScriptBuildPhase;
			buildActionMask = 2147483647;
			files = (
			);
			inputFileListPaths = (
			);
			inputPaths = (
				"${PODS_ROOT}/Target Support Files/Pods-CVPlayer/Pods-CVPlayer-frameworks.sh",
				"${BUILT_PRODUCTS_DIR}/MJRefresh/MJRefresh.framework",
				"${BUILT_PRODUCTS_DIR}/ObjectMapper/ObjectMapper.framework",
				"${BUILT_PRODUCTS_DIR}/SVProgressHUD/SVProgressHUD.framework",
				"${BUILT_PRODUCTS_DIR}/SnapKit/SnapKit.framework",
				"${BUILT_PRODUCTS_DIR}/UIColor_Hex_Swift/UIColor_Hex_Swift.framework",
				"${BUILT_PRODUCTS_DIR}/YYCache/YYCache.framework",
				"${BUILT_PRODUCTS_DIR}/YYImage/YYImage.framework",
				"${BUILT_PRODUCTS_DIR}/YYModel/YYModel.framework",
				"${BUILT_PRODUCTS_DIR}/YYText/YYText.framework",
				"${BUILT_PRODUCTS_DIR}/YYUtility/YYUtility.framework",
				"${BUILT_PRODUCTS_DIR}/YYWebImage/YYWebImage.framework",
			);
			name = "[CP] Embed Pods Frameworks";
			outputFileListPaths = (
			);
			outputPaths = (
				"${TARGET_BUILD_DIR}/${FRAMEWORKS_FOLDER_PATH}/MJRefresh.framework",
				"${TARGET_BUILD_DIR}/${FRAMEWORKS_FOLDER_PATH}/ObjectMapper.framework",
				"${TARGET_BUILD_DIR}/${FRAMEWORKS_FOLDER_PATH}/SVProgressHUD.framework",
				"${TARGET_BUILD_DIR}/${FRAMEWORKS_FOLDER_PATH}/SnapKit.framework",
				"${TARGET_BUILD_DIR}/${FRAMEWORKS_FOLDER_PATH}/UIColor_Hex_Swift.framework",
				"${TARGET_BUILD_DIR}/${FRAMEWORKS_FOLDER_PATH}/YYCache.framework",
				"${TARGET_BUILD_DIR}/${FRAMEWORKS_FOLDER_PATH}/YYImage.framework",
				"${TARGET_BUILD_DIR}/${FRAMEWORKS_FOLDER_PATH}/YYModel.framework",
				"${TARGET_BUILD_DIR}/${FRAMEWORKS_FOLDER_PATH}/YYText.framework",
				"${TARGET_BUILD_DIR}/${FRAMEWORKS_FOLDER_PATH}/YYUtility.framework",
				"${TARGET_BUILD_DIR}/${FRAMEWORKS_FOLDER_PATH}/YYWebImage.framework",
			);
			runOnlyForDeploymentPostprocessing = 0;
			shellPath = /bin/sh;
			shellScript = "\"${PODS_ROOT}/Target Support Files/Pods-CVPlayer/Pods-CVPlayer-frameworks.sh\"\n";
			showEnvVarsInLog = 0;
		};
		847462A32E79267282C71757 /* [CP] Check Pods Manifest.lock */ = {
			isa = PBXShellScriptBuildPhase;
			buildActionMask = 2147483647;
			files = (
			);
			inputFileListPaths = (
			);
			inputPaths = (
				"${PODS_PODFILE_DIR_PATH}/Podfile.lock",
				"${PODS_ROOT}/Manifest.lock",
			);
			name = "[CP] Check Pods Manifest.lock";
			outputFileListPaths = (
			);
			outputPaths = (
				"$(DERIVED_FILE_DIR)/Pods-CVPlayer-checkManifestLockResult.txt",
			);
			runOnlyForDeploymentPostprocessing = 0;
			shellPath = /bin/sh;
			shellScript = "diff \"${PODS_PODFILE_DIR_PATH}/Podfile.lock\" \"${PODS_ROOT}/Manifest.lock\" > /dev/null\nif [ $? != 0 ] ; then\n    # print error to STDERR\n    echo \"error: The sandbox is not in sync with the Podfile.lock. Run 'pod install' or update your CocoaPods installation.\" >&2\n    exit 1\nfi\n# This output is used by Xcode 'outputs' to avoid re-running this script phase.\necho \"SUCCESS\" > \"${SCRIPT_OUTPUT_FILE_0}\"\n";
			showEnvVarsInLog = 0;
		};
/* End PBXShellScriptBuildPhase section */

/* Begin PBXSourcesBuildPhase section */
		74D5128C230259CE000B1061 /* Sources */ = {
			isa = PBXSourcesBuildPhase;
			buildActionMask = 2147483647;
			files = (
				7493FAA023AC8CB000DD5A0B /* UIBaseNavigationController.swift in Sources */,
				74D51296230259CE000B1061 /* ViewController.swift in Sources */,
				524EF13823ADCF33007618B0 /* Nibloadable.swift in Sources */,
				524EF13423ADC7AE007618B0 /* MYCAirplayDevice.m in Sources */,
				7493FA8A23AC6A4600DD5A0B /* SubstringExtension.swift in Sources */,
				7493FA8523AC69B400DD5A0B /* MTVideoRoomController.swift in Sources */,
				524EF12A23ADC352007618B0 /* AirPlayBoard.swift in Sources */,
				7493FA9A23AC6D7300DD5A0B /* UIBaseViewController.swift in Sources */,
				7493FA8623AC69B400DD5A0B /* MTPlayerView.swift in Sources */,
				524EF13623ADC7AE007618B0 /* MYCAirplayManager.m in Sources */,
				74D51294230259CE000B1061 /* AppDelegate.swift in Sources */,
				524EF13523ADC7AE007618B0 /* GCDAsyncSocket.m in Sources */,
				7493FA8823AC69F800DD5A0B /* MTGeneral.swift in Sources */,
			);
			runOnlyForDeploymentPostprocessing = 0;
		};
/* End PBXSourcesBuildPhase section */

/* Begin PBXVariantGroup section */
		74D51297230259CE000B1061 /* Main.storyboard */ = {
			isa = PBXVariantGroup;
			children = (
				74D51298230259CE000B1061 /* Base */,
			);
			name = Main.storyboard;
			sourceTree = "<group>";
		};
		74D5129C230259D0000B1061 /* LaunchScreen.storyboard */ = {
			isa = PBXVariantGroup;
			children = (
				74D5129D230259D0000B1061 /* Base */,
			);
			name = LaunchScreen.storyboard;
			sourceTree = "<group>";
		};
/* End PBXVariantGroup section */

/* Begin XCBuildConfiguration section */
		74D512A0230259D0000B1061 /* Debug */ = {
			isa = XCBuildConfiguration;
			buildSettings = {
				ALWAYS_SEARCH_USER_PATHS = NO;
				CLANG_ANALYZER_NONNULL = YES;
				CLANG_ANALYZER_NUMBER_OBJECT_CONVERSION = YES_AGGRESSIVE;
				CLANG_CXX_LANGUAGE_STANDARD = "gnu++14";
				CLANG_CXX_LIBRARY = "libc++";
				CLANG_ENABLE_MODULES = YES;
				CLANG_ENABLE_OBJC_ARC = YES;
				CLANG_ENABLE_OBJC_WEAK = YES;
				CLANG_WARN_BLOCK_CAPTURE_AUTORELEASING = YES;
				CLANG_WARN_BOOL_CONVERSION = YES;
				CLANG_WARN_COMMA = YES;
				CLANG_WARN_CONSTANT_CONVERSION = YES;
				CLANG_WARN_DEPRECATED_OBJC_IMPLEMENTATIONS = YES;
				CLANG_WARN_DIRECT_OBJC_ISA_USAGE = YES_ERROR;
				CLANG_WARN_DOCUMENTATION_COMMENTS = YES;
				CLANG_WARN_EMPTY_BODY = YES;
				CLANG_WARN_ENUM_CONVERSION = YES;
				CLANG_WARN_INFINITE_RECURSION = YES;
				CLANG_WARN_INT_CONVERSION = YES;
				CLANG_WARN_NON_LITERAL_NULL_CONVERSION = YES;
				CLANG_WARN_OBJC_IMPLICIT_RETAIN_SELF = YES;
				CLANG_WARN_OBJC_LITERAL_CONVERSION = YES;
				CLANG_WARN_OBJC_ROOT_CLASS = YES_ERROR;
				CLANG_WARN_RANGE_LOOP_ANALYSIS = YES;
				CLANG_WARN_STRICT_PROTOTYPES = YES;
				CLANG_WARN_SUSPICIOUS_MOVE = YES;
				CLANG_WARN_UNGUARDED_AVAILABILITY = YES_AGGRESSIVE;
				CLANG_WARN_UNREACHABLE_CODE = YES;
				CLANG_WARN__DUPLICATE_METHOD_MATCH = YES;
				CODE_SIGN_IDENTITY = "iPhone Developer";
				COPY_PHASE_STRIP = NO;
				DEBUG_INFORMATION_FORMAT = dwarf;
				ENABLE_STRICT_OBJC_MSGSEND = YES;
				ENABLE_TESTABILITY = YES;
				GCC_C_LANGUAGE_STANDARD = gnu11;
				GCC_DYNAMIC_NO_PIC = NO;
				GCC_NO_COMMON_BLOCKS = YES;
				GCC_OPTIMIZATION_LEVEL = 0;
				GCC_PREPROCESSOR_DEFINITIONS = (
					"DEBUG=1",
					"$(inherited)",
				);
				GCC_WARN_64_TO_32_BIT_CONVERSION = YES;
				GCC_WARN_ABOUT_RETURN_TYPE = YES_ERROR;
				GCC_WARN_UNDECLARED_SELECTOR = YES;
				GCC_WARN_UNINITIALIZED_AUTOS = YES_AGGRESSIVE;
				GCC_WARN_UNUSED_FUNCTION = YES;
				GCC_WARN_UNUSED_VARIABLE = YES;
				IPHONEOS_DEPLOYMENT_TARGET = 12.2;
				MTL_ENABLE_DEBUG_INFO = INCLUDE_SOURCE;
				MTL_FAST_MATH = YES;
				ONLY_ACTIVE_ARCH = YES;
				SDKROOT = iphoneos;
				SWIFT_ACTIVE_COMPILATION_CONDITIONS = DEBUG;
				SWIFT_OPTIMIZATION_LEVEL = "-Onone";
			};
			name = Debug;
		};
		74D512A1230259D0000B1061 /* Release */ = {
			isa = XCBuildConfiguration;
			buildSettings = {
				ALWAYS_SEARCH_USER_PATHS = NO;
				CLANG_ANALYZER_NONNULL = YES;
				CLANG_ANALYZER_NUMBER_OBJECT_CONVERSION = YES_AGGRESSIVE;
				CLANG_CXX_LANGUAGE_STANDARD = "gnu++14";
				CLANG_CXX_LIBRARY = "libc++";
				CLANG_ENABLE_MODULES = YES;
				CLANG_ENABLE_OBJC_ARC = YES;
				CLANG_ENABLE_OBJC_WEAK = YES;
				CLANG_WARN_BLOCK_CAPTURE_AUTORELEASING = YES;
				CLANG_WARN_BOOL_CONVERSION = YES;
				CLANG_WARN_COMMA = YES;
				CLANG_WARN_CONSTANT_CONVERSION = YES;
				CLANG_WARN_DEPRECATED_OBJC_IMPLEMENTATIONS = YES;
				CLANG_WARN_DIRECT_OBJC_ISA_USAGE = YES_ERROR;
				CLANG_WARN_DOCUMENTATION_COMMENTS = YES;
				CLANG_WARN_EMPTY_BODY = YES;
				CLANG_WARN_ENUM_CONVERSION = YES;
				CLANG_WARN_INFINITE_RECURSION = YES;
				CLANG_WARN_INT_CONVERSION = YES;
				CLANG_WARN_NON_LITERAL_NULL_CONVERSION = YES;
				CLANG_WARN_OBJC_IMPLICIT_RETAIN_SELF = YES;
				CLANG_WARN_OBJC_LITERAL_CONVERSION = YES;
				CLANG_WARN_OBJC_ROOT_CLASS = YES_ERROR;
				CLANG_WARN_RANGE_LOOP_ANALYSIS = YES;
				CLANG_WARN_STRICT_PROTOTYPES = YES;
				CLANG_WARN_SUSPICIOUS_MOVE = YES;
				CLANG_WARN_UNGUARDED_AVAILABILITY = YES_AGGRESSIVE;
				CLANG_WARN_UNREACHABLE_CODE = YES;
				CLANG_WARN__DUPLICATE_METHOD_MATCH = YES;
				CODE_SIGN_IDENTITY = "iPhone Developer";
				COPY_PHASE_STRIP = NO;
				DEBUG_INFORMATION_FORMAT = "dwarf-with-dsym";
				ENABLE_NS_ASSERTIONS = NO;
				ENABLE_STRICT_OBJC_MSGSEND = YES;
				GCC_C_LANGUAGE_STANDARD = gnu11;
				GCC_NO_COMMON_BLOCKS = YES;
				GCC_WARN_64_TO_32_BIT_CONVERSION = YES;
				GCC_WARN_ABOUT_RETURN_TYPE = YES_ERROR;
				GCC_WARN_UNDECLARED_SELECTOR = YES;
				GCC_WARN_UNINITIALIZED_AUTOS = YES_AGGRESSIVE;
				GCC_WARN_UNUSED_FUNCTION = YES;
				GCC_WARN_UNUSED_VARIABLE = YES;
				IPHONEOS_DEPLOYMENT_TARGET = 12.2;
				MTL_ENABLE_DEBUG_INFO = NO;
				MTL_FAST_MATH = YES;
				SDKROOT = iphoneos;
				SWIFT_COMPILATION_MODE = wholemodule;
				SWIFT_OPTIMIZATION_LEVEL = "-O";
				VALIDATE_PRODUCT = YES;
			};
			name = Release;
		};
		74D512A3230259D0000B1061 /* Debug */ = {
			isa = XCBuildConfiguration;
			baseConfigurationReference = B25C7673B4870FC5E2716BA5 /* Pods-CVPlayer.debug.xcconfig */;
			buildSettings = {
				ASSETCATALOG_COMPILER_APPICON_NAME = AppIcon;
				CLANG_ENABLE_MODULES = YES;
				CODE_SIGN_STYLE = Automatic;
				DEVELOPMENT_TEAM = 8SYCX67H7W;
				ENABLE_BITCODE = NO;
				FRAMEWORK_SEARCH_PATHS = (
					"$(inherited)",
					"$(PROJECT_DIR)/CVPlayer/Lib",
				);
				INFOPLIST_FILE = CVPlayer/Info.plist;
				IPHONEOS_DEPLOYMENT_TARGET = 11.0;
				LD_RUNPATH_SEARCH_PATHS = (
					"$(inherited)",
					"@executable_path/Frameworks",
				);
				PRODUCT_BUNDLE_IDENTIFIER = com.IMUST.CVPlayer;
				PRODUCT_NAME = "$(TARGET_NAME)";
				SWIFT_OBJC_BRIDGING_HEADER = "CVPlayer/CVPlayer-Bridging-Header.h";
				SWIFT_OPTIMIZATION_LEVEL = "-Onone";
				SWIFT_VERSION = 5.0;
				TARGETED_DEVICE_FAMILY = "1,2";
			};
			name = Debug;
		};
		74D512A4230259D0000B1061 /* Release */ = {
			isa = XCBuildConfiguration;
			baseConfigurationReference = 36903757E0E0F3378F525E2B /* Pods-CVPlayer.release.xcconfig */;
			buildSettings = {
				ASSETCATALOG_COMPILER_APPICON_NAME = AppIcon;
				CLANG_ENABLE_MODULES = YES;
				CODE_SIGN_STYLE = Automatic;
				DEVELOPMENT_TEAM = 8SYCX67H7W;
				ENABLE_BITCODE = NO;
				FRAMEWORK_SEARCH_PATHS = (
					"$(inherited)",
					"$(PROJECT_DIR)/CVPlayer/Lib",
				);
				INFOPLIST_FILE = CVPlayer/Info.plist;
				IPHONEOS_DEPLOYMENT_TARGET = 11.0;
				LD_RUNPATH_SEARCH_PATHS = (
					"$(inherited)",
					"@executable_path/Frameworks",
				);
				PRODUCT_BUNDLE_IDENTIFIER = com.IMUST.CVPlayer;
				PRODUCT_NAME = "$(TARGET_NAME)";
				SWIFT_OBJC_BRIDGING_HEADER = "CVPlayer/CVPlayer-Bridging-Header.h";
				SWIFT_VERSION = 5.0;
				TARGETED_DEVICE_FAMILY = "1,2";
			};
			name = Release;
		};
/* End XCBuildConfiguration section */

/* Begin XCConfigurationList section */
		74D5128B230259CE000B1061 /* Build configuration list for PBXProject "CVPlayer" */ = {
			isa = XCConfigurationList;
			buildConfigurations = (
				74D512A0230259D0000B1061 /* Debug */,
				74D512A1230259D0000B1061 /* Release */,
			);
			defaultConfigurationIsVisible = 0;
			defaultConfigurationName = Release;
		};
		74D512A2230259D0000B1061 /* Build configuration list for PBXNativeTarget "CVPlayer" */ = {
			isa = XCConfigurationList;
			buildConfigurations = (
				74D512A3230259D0000B1061 /* Debug */,
				74D512A4230259D0000B1061 /* Release */,
			);
			defaultConfigurationIsVisible = 0;
			defaultConfigurationName = Release;
		};
/* End XCConfigurationList section */
	};
	rootObject = 74D51288230259CE000B1061 /* Project object */;
}
